// !$*UTF8*$!
{
	archiveVersion = 1;
	classes = {
	};
	objectVersion = 46;
	objects = {

/* Begin PBXBuildFile section */
		8059C9B41C28489A00AADC50 /* AppDelegate.swift in Sources */ = {isa = PBXBuildFile; fileRef = 8059C9B31C28489A00AADC50 /* AppDelegate.swift */; };
		8059C9B61C28489A00AADC50 /* ViewController.swift in Sources */ = {isa = PBXBuildFile; fileRef = 8059C9B51C28489A00AADC50 /* ViewController.swift */; };
		8059C9B91C28489A00AADC50 /* Main.storyboard in Resources */ = {isa = PBXBuildFile; fileRef = 8059C9B71C28489A00AADC50 /* Main.storyboard */; };
		8059C9BB1C28489A00AADC50 /* Assets.xcassets in Resources */ = {isa = PBXBuildFile; fileRef = 8059C9BA1C28489A00AADC50 /* Assets.xcassets */; };
		8059C9BE1C28489A00AADC50 /* LaunchScreen.storyboard in Resources */ = {isa = PBXBuildFile; fileRef = 8059C9BC1C28489A00AADC50 /* LaunchScreen.storyboard */; };
/* End PBXBuildFile section */

/* Begin PBXFileReference section */
		8059C9B01C28489A00AADC50 /* tip.app */ = {isa = PBXFileReference; explicitFileType = wrapper.application; includeInIndex = 0; path = tip.app; sourceTree = BUILT_PRODUCTS_DIR; };
		8059C9B31C28489A00AADC50 /* AppDelegate.swift */ = {isa = PBXFileReference; lastKnownFileType = sourcecode.swift; path = AppDelegate.swift; sourceTree = "<group>"; };
		8059C9B51C28489A00AADC50 /* ViewController.swift */ = {isa = PBXFileReference; lastKnownFileType = sourcecode.swift; path = ViewController.swift; sourceTree = "<group>"; };
		8059C9B81C28489A00AADC50 /* Base */ = {isa = PBXFileReference; lastKnownFileType = file.storyboard; name = Base; path = Base.lproj/Main.storyboard; sourceTree = "<group>"; };
		8059C9BA1C28489A00AADC50 /* Assets.xcassets */ = {isa = PBXFileReference; lastKnownFileType = folder.assetcatalog; path = Assets.xcassets; sourceTree = "<group>"; };
		8059C9BD1C28489A00AADC50 /* Base */ = {isa = PBXFileReference; lastKnownFileType = file.storyboard; name = Base; path = Base.lproj/LaunchScreen.storyboard; sourceTree = "<group>"; };
		8059C9BF1C28489A00AADC50 /* Info.plist */ = {isa = PBXFileReference; lastKnownFileType = text.plist.xml; path = Info.plist; sourceTree = "<group>"; };
/* End PBXFileReference section */

/* Begin PBXFrameworksBuildPhase section */
		8059C9AD1C28489A00AADC50 /* Frameworks */ = {
			isa = PBXFrameworksBuildPhase;
			buildActionMask = 2147483647;
			files = (
			);
			runOnlyForDeploymentPostprocessing = 0;
		};
/* End PBXFrameworksBuildPhase section */

/* Begin PBXGroup section */
		8059C9A71C28489A00AADC50 = {
			isa = PBXGroup;
			children = (
				8059C9B21C28489A00AADC50 /* tip */,
				8059C9B11C28489A00AADC50 /* Products */,
			);
			sourceTree = "<group>";
		};
		8059C9B11C28489A00AADC50 /* Products */ = {
			isa = PBXGroup;
			children = (
				8059C9B01C28489A00AADC50 /* tip.app */,
			);
			name = Products;
			sourceTree = "<group>";
		};
		8059C9B21C28489A00AADC50 /* tip */ = {
			isa = PBXGroup;
			children = (
				8059C9B31C28489A00AADC50 /* AppDelegate.swift */,
				8059C9B51C28489A00AADC50 /* ViewController.swift */,
				8059C9B71C28489A00AADC50 /* Main.storyboard */,
				8059C9BA1C28489A00AADC50 /* Assets.xcassets */,
				8059C9BC1C28489A00AADC50 /* LaunchScreen.storyboard */,
				8059C9BF1C28489A00AADC50 /* Info.plist */,
			);
			path = tip;
			sourceTree = "<group>";
		};
/* End PBXGroup section */

/* Begin PBXNativeTarget section */
		8059C9AF1C28489A00AADC50 /* tip */ = {
			isa = PBXNativeTarget;
			buildConfigurationList = 8059C9C21C28489A00AADC50 /* Build configuration list for PBXNativeTarget "tip" */;
			buildPhases = (
				8059C9AC1C28489A00AADC50 /* Sources */,
				8059C9AD1C28489A00AADC50 /* Frameworks */,
				8059C9AE1C28489A00AADC50 /* Resources */,
			);
			buildRules = (
			);
			dependencies = (
			);
			name = tip;
			productName = tip;
			productReference = 8059C9B01C28489A00AADC50 /* tip.app */;
			productType = "com.apple.product-type.application";
		};
/* End PBXNativeTarget section */

/* Begin PBXProject section */
		8059C9A81C28489A00AADC50 /* Project object */ = {
			isa = PBXProject;
			attributes = {
				LastSwiftUpdateCheck = 0720;
				LastUpgradeCheck = 0720;
				ORGANIZATIONNAME = "Iris Kwok";
				TargetAttributes = {
					8059C9AF1C28489A00AADC50 = {
						CreatedOnToolsVersion = 7.2;
					};
				};
			};
			buildConfigurationList = 8059C9AB1C28489A00AADC50 /* Build configuration list for PBXProject "tip" */;
			compatibilityVersion = "Xcode 3.2";
			developmentRegion = English;
			hasScannedForEncodings = 0;
			knownRegions = (
				en,
				Base,
			);
			mainGroup = 8059C9A71C28489A00AADC50;
			productRefGroup = 8059C9B11C28489A00AADC50 /* Products */;
			projectDirPath = "";
			projectRoot = "";
			targets = (
				8059C9AF1C28489A00AADC50 /* tip */,
			);
		};
/* End PBXProject section */

/* Begin PBXResourcesBuildPhase section */
		8059C9AE1C28489A00AADC50 /* Resources */ = {
			isa = PBXResourcesBuildPhase;
			buildActionMask = 2147483647;
			files = (
				8059C9BE1C28489A00AADC50 /* LaunchScreen.storyboard in Resources */,
				8059C9BB1C28489A00AADC50 /* Assets.xcassets in Resources */,
				8059C9B91C28489A00AADC50 /* Main.storyboard in Resources */,
			);
			runOnlyForDeploymentPostprocessing = 0;
		};
/* End PBXResourcesBuildPhase section */

/* Begin PBXSourcesBuildPhase section */
		8059C9AC1C28489A00AADC50 /* Sources */ = {
			isa = PBXSourcesBuildPhase;
			buildActionMask = 2147483647;
			files = (
				8059C9B61C28489A00AADC50 /* ViewController.swift in Sources */,
				8059C9B41C28489A00AADC50 /* AppDelegate.swift in Sources */,
			);
			runOnlyForDeploymentPostprocessing = 0;
		};
/* End PBXSourcesBuildPhase section */

/* Begin PBXVariantGroup section */
		8059C9B71C28489A00AADC50 /* Main.storyboard */ = {
			isa = PBXVariantGroup;
			children = (
				8059C9B81C28489A00AADC50 /* Base */,
			);
			name = Main.storyboard;
			sourceTree = "<group>";
		};
		8059C9BC1C28489A00AADC50 /* LaunchScreen.storyboard */ = {
			isa = PBXVariantGroup;
			children = (
				8059C9BD1C28489A00AADC50 /* Base */,
			);
			name = LaunchScreen.storyboard;
			sourceTree = "<group>";
		};
/* End PBXVariantGroup section */

/* Begin XCBuildConfiguration section */
		8059C9C01C28489A00AADC50 /* Debug */ = {
			isa = XCBuildConfiguration;
			buildSettings = {
				ALWAYS_SEARCH_USER_PATHS = NO;
				CLANG_CXX_LANGUAGE_STANDARD = "gnu++0x";
				CLANG_CXX_LIBRARY = "libc++";
				CLANG_ENABLE_MODULES = YES;
				CLANG_ENABLE_OBJC_ARC = YES;
				CLANG_WARN_BOOL_CONVERSION = YES;
				CLANG_WARN_CONSTANT_CONVERSION = YES;
				CLANG_WARN_DIRECT_OBJC_ISA_USAGE = YES_ERROR;
				CLANG_WARN_EMPTY_BODY = YES;
				CLANG_WARN_ENUM_CONVERSION = YES;
				CLANG_WARN_INT_CONVERSION = YES;
				CLANG_WARN_OBJC_ROOT_CLASS = YES_ERROR;
				CLANG_WARN_UNREACHABLE_CODE = YES;
				CLANG_WARN__DUPLICATE_METHOD_MATCH = YES;
				"CODE_SIGN_IDENTITY[sdk=iphoneos*]" = "iPhone Developer";
				COPY_PHASE_STRIP = NO;
				DEBUG_INFORMATION_FORMAT = dwarf;
				ENABLE_STRICT_OBJC_MSGSEND = YES;
				ENABLE_TESTABILITY = YES;
				GCC_C_LANGUAGE_STANDARD = gnu99;
				GCC_DYNAMIC_NO_PIC = NO;
				GCC_NO_COMMON_BLOCKS = YES;
				GCC_OPTIMIZATION_LEVEL = 0;
				GCC_PREPROCESSOR_DEFINITIONS = (
					"DEBUG=1",
					"$(inherited)",
				);
				GCC_WARN_64_TO_32_BIT_CONVERSION = YES;
				GCC_WARN_ABOUT_RETURN_TYPE = YES_ERROR;
				GCC_WARN_UNDECLARED_SELECTOR = YES;
				GCC_WARN_UNINITIALIZED_AUTOS = YES_AGGRESSIVE;
				GCC_WARN_UNUSED_FUNCTION = YES;
				GCC_WARN_UNUSED_VARIABLE = YES;
				IPHONEOS_DEPLOYMENT_TARGET = 9.2;
				MTL_ENABLE_DEBUG_INFO = YES;
				ONLY_ACTIVE_ARCH = YES;
				SDKROOT = iphoneos;
				SWIFT_OPTIMIZATION_LEVEL = "-Onone";
			};
			name = Debug;
		};
		8059C9C11C28489A00AADC50 /* Release */ = {
			isa = XCBuildConfiguration;
			buildSettings = {
				ALWAYS_SEARCH_USER_PATHS = NO;
				CLANG_CXX_LANGUAGE_STANDARD = "gnu++0x";
				CLANG_CXX_LIBRARY = "libc++";
				CLANG_ENABLE_MODULES = YES;
				CLANG_ENABLE_OBJC_ARC = YES;
				CLANG_WARN_BOOL_CONVERSION = YES;
				CLANG_WARN_CONSTANT_CONVERSION = YES;
				CLANG_WARN_DIRECT_OBJC_ISA_USAGE = YES_ERROR;
				CLANG_WARN_EMPTY_BODY = YES;
				CLANG_WARN_ENUM_CONVERSION = YES;
				CLANG_WARN_INT_CONVERSION = YES;
				CLANG_WARN_OBJC_ROOT_CLASS = YES_ERROR;
				CLANG_WARN_UNREACHABLE_CODE = YES;
				CLANG_WARN__DUPLICATE_METHOD_MATCH = YES;
				"CODE_SIGN_IDENTITY[sdk=iphoneos*]" = "iPhone Developer";
				COPY_PHASE_STRIP = NO;
				DEBUG_INFORMATION_FORMAT = "dwarf-with-dsym";
				ENABLE_NS_ASSERTIONS = NO;
				ENABLE_STRICT_OBJC_MSGSEND = YES;
				GCC_C_LANGUAGE_STANDARD = gnu99;
				GCC_NO_COMMON_BLOCKS = YES;
				GCC_WARN_64_TO_32_BIT_CONVERSION = YES;
				GCC_WARN_ABOUT_RETURN_TYPE = YES_ERROR;
				GCC_WARN_UNDECLARED_SELECTOR = YES;
				GCC_WARN_UNINITIALIZED_AUTOS = YES_AGGRESSIVE;
				GCC_WARN_UNUSED_FUNCTION = YES;
				GCC_WARN_UNUSED_VARIABLE = YES;
				IPHONEOS_DEPLOYMENT_TARGET = 9.2;
				MTL_ENABLE_DEBUG_INFO = NO;
				SDKROOT = iphoneos;
				VALIDATE_PRODUCT = YES;
			};
			name = Release;
		};
		8059C9C31C28489A00AADC50 /* Debug */ = {
			isa = XCBuildConfiguration;
			buildSettings = {
				ASSETCATALOG_COMPILER_APPICON_NAME = AppIcon;
				INFOPLIST_FILE = tip/Info.plist;
				IPHONEOS_DEPLOYMENT_TARGET = 7.0;
				LD_RUNPATH_SEARCH_PATHS = "$(inherited) @executable_path/Frameworks";
				PRODUCT_BUNDLE_IDENTIFIER = iris.tip;
				PRODUCT_NAME = "$(TARGET_NAME)";
			};
			name = Debug;
		};
		8059C9C41C28489A00AADC50 /* Release */ = {
			isa = XCBuildConfiguration;
			buildSettings = {
				ASSETCATALOG_COMPILER_APPICON_NAME = AppIcon;
				INFOPLIST_FILE = tip/Info.plist;
				IPHONEOS_DEPLOYMENT_TARGET = 7.0;
				LD_RUNPATH_SEARCH_PATHS = "$(inherited) @executable_path/Frameworks";
				PRODUCT_BUNDLE_IDENTIFIER = iris.tip;
				PRODUCT_NAME = "$(TARGET_NAME)";
			};
			name = Release;
		};
/* End XCBuildConfiguration section */

/* Begin XCConfigurationList section */
		8059C9AB1C28489A00AADC50 /* Build configuration list for PBXProject "tip" */ = {
			isa = XCConfigurationList;
			buildConfigurations = (
				8059C9C01C28489A00AADC50 /* Debug */,
				8059C9C11C28489A00AADC50 /* Release */,
			);
			defaultConfigurationIsVisible = 0;
			defaultConfigurationName = Release;
		};
		8059C9C21C28489A00AADC50 /* Build configuration list for PBXNativeTarget "tip" */ = {
			isa = XCConfigurationList;
			buildConfigurations = (
				8059C9C31C28489A00AADC50 /* Debug */,
				8059C9C41C28489A00AADC50 /* Release */,
			);
			defaultConfigurationIsVisible = 0;
		};
/* End XCConfigurationList section */
	};
	rootObject = 8059C9A81C28489A00AADC50 /* Project object */;
}
